
Microsoft Visual Studio Solution File, Format Version 12.00
# Visual Studio Version 17
VisualStudioVersion = 17.9.34728.123
MinimumVisualStudioVersion = 10.0.40219.1
Project("{C9674DCB-5085-4A16-B785-4C70DD1589BD}") = "direccion_inhibiciones", "direccion_inhibiciones.dtproj", "{4C220D21-6EDB-4E04-8E03-867569ED4140}"
EndProject
Global
	GlobalSection(SolutionConfigurationPlatforms) = preSolution
		Development|Default = Development|Default
	EndGlobalSection
	GlobalSection(ProjectConfigurationPlatforms) = postSolution
		{4C220D21-6EDB-4E04-8E03-867569ED4140}.Development|Default.ActiveCfg = Development
		{4C220D21-6EDB-4E04-8E03-867569ED4140}.Development|Default.Build.0 = Development
	EndGlobalSection
	GlobalSection(SolutionProperties) = preSolution
		HideSolutionNode = FALSE
	EndGlobalSection
	GlobalSection(ExtensibilityGlobals) = postSolution
		SolutionGuid = {7FFD1E8C-C6EC-492B-85E7-125AED77921C}
	EndGlobalSection
EndGlobal
